
Microsoft Visual Studio Solution File, Format Version 12.00
# Visual Studio Version 16
VisualStudioVersion = 16.0.29721.120
MinimumVisualStudioVersion = 10.0.40219.1
Project("{2150E333-8FDC-42A3-9474-1A3956D46DE8}") = "Solution Items", "Solution Items", "{7271F8CF-C4EC-47FE-91F3-FF3331482C4F}"
	ProjectSection(SolutionItems) = preProject
		appveyor.yml = appveyor.yml
		Directory.Build.props = Directory.Build.props
		nuget.config = nuget.config
		README.md = README.md
	EndProjectSection
EndProject
Project("{9A19103F-16F7-4668-BE54-9A1E7A4F7556}") = "Alethic.KeyShift", "Alethic.KeyShift\Alethic.KeyShift.csproj", "{96964950-7632-41BF-8A4B-DA8E65E9C819}"
EndProject
Project("{9A19103F-16F7-4668-BE54-9A1E7A4F7556}") = "Alethic.KeyShift.Console", "Alethic.KeyShift.Console\Alethic.KeyShift.Console.csproj", "{F4397B95-278A-43E8-9108-00B54DD353A2}"
EndProject
Project("{9A19103F-16F7-4668-BE54-9A1E7A4F7556}") = "Alethic.KeyShift.InMemory", "Alethic.KeyShift.InMemory\Alethic.KeyShift.InMemory.csproj", "{8B0B1EF8-67F5-47D7-9D4D-2652DBC33A7C}"
EndProject
Project("{9A19103F-16F7-4668-BE54-9A1E7A4F7556}") = "Alethic.KeyShift.Kademlia", "Alethic.KeyShift.Kademlia\Alethic.KeyShift.Kademlia.csproj", "{150C922D-3F39-44B7-9BE3-DF984FBC2167}"
EndProject
Project("{FAE04EC0-301F-11D3-BF4B-00C04F79EFBC}") = "Alethic.KeyShift.AspNetCore", "Alethic.KeyShift.AspNetCore\Alethic.KeyShift.AspNetCore.csproj", "{4F6D5A25-FD95-42C0-AD2D-8CED2557B2F6}"
EndProject
Global
	GlobalSection(SolutionConfigurationPlatforms) = preSolution
		Debug|Any CPU = Debug|Any CPU
		Release|Any CPU = Release|Any CPU
	EndGlobalSection
	GlobalSection(ProjectConfigurationPlatforms) = postSolution
		{96964950-7632-41BF-8A4B-DA8E65E9C819}.Debug|Any CPU.ActiveCfg = Debug|Any CPU
		{96964950-7632-41BF-8A4B-DA8E65E9C819}.Debug|Any CPU.Build.0 = Debug|Any CPU
		{96964950-7632-41BF-8A4B-DA8E65E9C819}.Release|Any CPU.ActiveCfg = Release|Any CPU
		{96964950-7632-41BF-8A4B-DA8E65E9C819}.Release|Any CPU.Build.0 = Release|Any CPU
		{F4397B95-278A-43E8-9108-00B54DD353A2}.Debug|Any CPU.ActiveCfg = Debug|Any CPU
		{F4397B95-278A-43E8-9108-00B54DD353A2}.Debug|Any CPU.Build.0 = Debug|Any CPU
		{F4397B95-278A-43E8-9108-00B54DD353A2}.Release|Any CPU.ActiveCfg = Release|Any CPU
		{F4397B95-278A-43E8-9108-00B54DD353A2}.Release|Any CPU.Build.0 = Release|Any CPU
		{8B0B1EF8-67F5-47D7-9D4D-2652DBC33A7C}.Debug|Any CPU.ActiveCfg = Debug|Any CPU
		{8B0B1EF8-67F5-47D7-9D4D-2652DBC33A7C}.Debug|Any CPU.Build.0 = Debug|Any CPU
		{8B0B1EF8-67F5-47D7-9D4D-2652DBC33A7C}.Release|Any CPU.ActiveCfg = Release|Any CPU
		{8B0B1EF8-67F5-47D7-9D4D-2652DBC33A7C}.Release|Any CPU.Build.0 = Release|Any CPU
		{150C922D-3F39-44B7-9BE3-DF984FBC2167}.Debug|Any CPU.ActiveCfg = Debug|Any CPU
		{150C922D-3F39-44B7-9BE3-DF984FBC2167}.Debug|Any CPU.Build.0 = Debug|Any CPU
		{150C922D-3F39-44B7-9BE3-DF984FBC2167}.Release|Any CPU.ActiveCfg = Release|Any CPU
		{150C922D-3F39-44B7-9BE3-DF984FBC2167}.Release|Any CPU.Build.0 = Release|Any CPU
		{4F6D5A25-FD95-42C0-AD2D-8CED2557B2F6}.Debug|Any CPU.ActiveCfg = Debug|Any CPU
		{4F6D5A25-FD95-42C0-AD2D-8CED2557B2F6}.Debug|Any CPU.Build.0 = Debug|Any CPU
		{4F6D5A25-FD95-42C0-AD2D-8CED2557B2F6}.Release|Any CPU.ActiveCfg = Release|Any CPU
		{4F6D5A25-FD95-42C0-AD2D-8CED2557B2F6}.Release|Any CPU.Build.0 = Release|Any CPU
	EndGlobalSection
	GlobalSection(SolutionProperties) = preSolution
		HideSolutionNode = FALSE
	EndGlobalSection
	GlobalSection(ExtensibilityGlobals) = postSolution
		SolutionGuid = {FF4B3820-4206-4316-82A5-DEA5792C6A71}
	EndGlobalSection
EndGlobal
